
Microsoft Visual Studio Solution File, Format Version 12.00
# Visual Studio Version 16
VisualStudioVersion = 16.0.29306.81
MinimumVisualStudioVersion = 10.0.40219.1
Project("{FAE04EC0-301F-11D3-BF4B-00C04F79EFBC}") = "ClientCrud", "ClientCrud\ClientCrud.csproj", "{FAB3A7A3-F97C-43A7-A8FA-2F654910D00D}"
EndProject
Global
	GlobalSection(SolutionConfigurationPlatforms) = preSolution
		Debug|Any CPU = Debug|Any CPU
		Release|Any CPU = Release|Any CPU
	EndGlobalSection
	GlobalSection(ProjectConfigurationPlatforms) = postSolution
		{FAB3A7A3-F97C-43A7-A8FA-2F654910D00D}.Debug|Any CPU.ActiveCfg = Debug|Any CPU
		{FAB3A7A3-F97C-43A7-A8FA-2F654910D00D}.Debug|Any CPU.Build.0 = Debug|Any CPU
		{FAB3A7A3-F97C-43A7-A8FA-2F654910D00D}.Release|Any CPU.ActiveCfg = Release|Any CPU
		{FAB3A7A3-F97C-43A7-A8FA-2F654910D00D}.Release|Any CPU.Build.0 = Release|Any CPU
	EndGlobalSection
	GlobalSection(SolutionProperties) = preSolution
		HideSolutionNode = FALSE
	EndGlobalSection
	GlobalSection(ExtensibilityGlobals) = postSolution
		SolutionGuid = {12E32646-4C2A-4791-B00F-1D94A09D8E6F}
	EndGlobalSection
EndGlobal
